
Microsoft Visual Studio Solution File, Format Version 12.00
# Visual Studio Version 17
VisualStudioVersion = 17.4.33213.308
MinimumVisualStudioVersion = 10.0.40219.1
Project("{FAE04EC0-301F-11D3-BF4B-00C04F79EFBC}") = "QuickBlazorUI", "QuickBlazorUI\QuickBlazorUI.csproj", "{9161226C-F669-4683-93B7-A5AB48834647}"
EndProject
Global
	GlobalSection(SolutionConfigurationPlatforms) = preSolution
		Debug|Any CPU = Debug|Any CPU
		Release|Any CPU = Release|Any CPU
	EndGlobalSection
	GlobalSection(ProjectConfigurationPlatforms) = postSolution
		{9161226C-F669-4683-93B7-A5AB48834647}.Debug|Any CPU.ActiveCfg = Debug|Any CPU
		{9161226C-F669-4683-93B7-A5AB48834647}.Debug|Any CPU.Build.0 = Debug|Any CPU
		{9161226C-F669-4683-93B7-A5AB48834647}.Release|Any CPU.ActiveCfg = Release|Any CPU
		{9161226C-F669-4683-93B7-A5AB48834647}.Release|Any CPU.Build.0 = Release|Any CPU
	EndGlobalSection
	GlobalSection(SolutionProperties) = preSolution
		HideSolutionNode = FALSE
	EndGlobalSection
	GlobalSection(ExtensibilityGlobals) = postSolution
		SolutionGuid = {848A9C74-F69E-4322-8A53-9FF6BECF042C}
	EndGlobalSection
EndGlobal
